
Microsoft Visual Studio Solution File, Format Version 12.00
# Visual Studio Version 17
VisualStudioVersion = 17.0.31903.59
MinimumVisualStudioVersion = 10.0.40219.1
Project("{FAE04EC0-301F-11D3-BF4B-00C04F79EFBC}") = "Web.API", "Web.API\Web.API.csproj", "{A6CC9DC7-8116-404B-94EE-810C3611309A}"
EndProject
Project("{FAE04EC0-301F-11D3-BF4B-00C04F79EFBC}") = "Application", "Application\Application.csproj", "{70A8CE9E-8F9E-4188-8D73-7658E7F5842A}"
EndProject
Project("{FAE04EC0-301F-11D3-BF4B-00C04F79EFBC}") = "Infrastructure", "Infrastructure\Infrastructure.csproj", "{43F28E9D-E5BC-418A-9F82-8CA08223E6F2}"
EndProject
Project("{FAE04EC0-301F-11D3-BF4B-00C04F79EFBC}") = "Domain", "Domain\Domain.csproj", "{E07457E8-B49B-44E6-8D62-7015843874D4}"
EndProject
Global
	GlobalSection(SolutionConfigurationPlatforms) = preSolution
		Debug|Any CPU = Debug|Any CPU
		Release|Any CPU = Release|Any CPU
	EndGlobalSection
	GlobalSection(SolutionProperties) = preSolution
		HideSolutionNode = FALSE
	EndGlobalSection
	GlobalSection(ProjectConfigurationPlatforms) = postSolution
		{A6CC9DC7-8116-404B-94EE-810C3611309A}.Debug|Any CPU.ActiveCfg = Debug|Any CPU
		{A6CC9DC7-8116-404B-94EE-810C3611309A}.Debug|Any CPU.Build.0 = Debug|Any CPU
		{A6CC9DC7-8116-404B-94EE-810C3611309A}.Release|Any CPU.ActiveCfg = Release|Any CPU
		{A6CC9DC7-8116-404B-94EE-810C3611309A}.Release|Any CPU.Build.0 = Release|Any CPU
		{70A8CE9E-8F9E-4188-8D73-7658E7F5842A}.Debug|Any CPU.ActiveCfg = Debug|Any CPU
		{70A8CE9E-8F9E-4188-8D73-7658E7F5842A}.Debug|Any CPU.Build.0 = Debug|Any CPU
		{70A8CE9E-8F9E-4188-8D73-7658E7F5842A}.Release|Any CPU.ActiveCfg = Release|Any CPU
		{70A8CE9E-8F9E-4188-8D73-7658E7F5842A}.Release|Any CPU.Build.0 = Release|Any CPU
		{43F28E9D-E5BC-418A-9F82-8CA08223E6F2}.Debug|Any CPU.ActiveCfg = Debug|Any CPU
		{43F28E9D-E5BC-418A-9F82-8CA08223E6F2}.Debug|Any CPU.Build.0 = Debug|Any CPU
		{43F28E9D-E5BC-418A-9F82-8CA08223E6F2}.Release|Any CPU.ActiveCfg = Release|Any CPU
		{43F28E9D-E5BC-418A-9F82-8CA08223E6F2}.Release|Any CPU.Build.0 = Release|Any CPU
		{E07457E8-B49B-44E6-8D62-7015843874D4}.Debug|Any CPU.ActiveCfg = Debug|Any CPU
		{E07457E8-B49B-44E6-8D62-7015843874D4}.Debug|Any CPU.Build.0 = Debug|Any CPU
		{E07457E8-B49B-44E6-8D62-7015843874D4}.Release|Any CPU.ActiveCfg = Release|Any CPU
		{E07457E8-B49B-44E6-8D62-7015843874D4}.Release|Any CPU.Build.0 = Release|Any CPU
	EndGlobalSection
EndGlobal
